<?xml version="1.0" encoding="utf-8"?>
<Project ToolsVersion="4.0" xmlns="http://schemas.microsoft.com/developer/msbuild/2003">
  <ItemGroup>
    <Filter Include="Fichiers sources">
      <UniqueIdentifier>{4FC737F1-C7A5-4376-A066-2A32D752A2FF}</UniqueIdentifier>
      <Extensions>cpp;c;cc;cxx;def;odl;idl;hpj;bat;asm;asmx</Extensions>
    </Filter>
    <Filter Include="Fichiers d%27en-tête">
      <UniqueIdentifier>{93995380-89BD-4b04-88EB-625FBE52EBFB}</UniqueIdentifier>
      <Extensions>h;hh;hpp;hxx;hm;inl;inc;xsd</Extensions>
    </Filter>
    <Filter Include="Fichiers de ressources">
      <UniqueIdentifier>{67DA6AB6-F800-4c08-8B7A-83BB121AAD01}</UniqueIdentifier>
      <Extensions>rc;ico;cur;bmp;dlg;rc2;rct;bin;rgs;gif;jpg;jpeg;jpe;resx;tiff;tif;png;wav;mfcribbon-ms</Extensions>
    </Filter>
    <Filter Include="Fichiers d%27en-tête\shaders">
      <UniqueIdentifier>{76c1c278-1d55-4e2b-b4df-ad33d69867dd}</UniqueIdentifier>
    </Filter>
    <Filter Include="Fichiers sources\shaders">
      <UniqueIdentifier>{c0d340ee-c161-438b-92af-fec5002bfbea}</UniqueIdentifier>
    </Filter>
    <Filter Include="Fichiers sources\engine">
      <UniqueIdentifier>{2ee1dc1a-49dc-45b2-be06-cf4b446f8ada}</UniqueIdentifier>
    </Filter>
    <Filter Include="Fichiers d%27en-tête\engine">
      <UniqueIdentifier>{2ba65df1-7274-4555-93fa-6d332e159d7f}</UniqueIdentifier>
    </Filter>
    <Filter Include="Fichiers sources\models">
      <UniqueIdentifier>{db1f9d7a-e312-41f7-b93f-c719b53b0fd5}</UniqueIdentifier>
    </Filter>
    <Filter Include="Fichiers d%27en-tête\models">
      <UniqueIdentifier>{7cb6840b-f5b6-48a9-a94f-49e3844a0734}</UniqueIdentifier>
    </Filter>
  </ItemGroup>
  <ItemGroup>
    <ClCompile Include="src\main.cpp">
      <Filter>Fichiers sources</Filter>
    </ClCompile>
    <ClCompile Include="src\Game.cpp">
      <Filter>Fichiers sources</Filter>
    </ClCompile>
    <ClCompile Include="src\Display.cpp">
      <Filter>Fichiers sources</Filter>
    </ClCompile>
    <ClCompile Include="src\shaders\AShader.cpp">
      <Filter>Fichiers sources\shaders</Filter>
    </ClCompile>
    <ClCompile Include="src\shaders\staticShader.cpp">
      <Filter>Fichiers sources\shaders</Filter>
    </ClCompile>
    <ClCompile Include="src\models\rawModel.cpp">
      <Filter>Fichiers sources\models</Filter>
    </ClCompile>
    <ClCompile Include="src\models\texturedModel.cpp">
      <Filter>Fichiers sources\models</Filter>
    </ClCompile>
    <ClCompile Include="src\models\Entity.cpp">
      <Filter>Fichiers sources\models</Filter>
    </ClCompile>
    <ClCompile Include="src\models\Texture.cpp">
      <Filter>Fichiers sources\models</Filter>
    </ClCompile>
    <ClCompile Include="src\engine\renderEngine.cpp">
      <Filter>Fichiers sources\engine</Filter>
    </ClCompile>
    <ClCompile Include="src\engine\VAOLoader.cpp">
      <Filter>Fichiers sources\engine</Filter>
    </ClCompile>
    <ClCompile Include="src\Camera.cpp">
      <Filter>Fichiers sources</Filter>
    </ClCompile>
    <ClCompile Include="src\models\cubeFactory.cpp">
      <Filter>Fichiers sources\models</Filter>
    </ClCompile>
    <ClCompile Include="src\InputManager.cpp">
      <Filter>Fichiers sources</Filter>
    </ClCompile>
    <ClCompile Include="src\engine\Timer.cpp">
      <Filter>Fichiers sources\engine</Filter>
    </ClCompile>
  </ItemGroup>
  <ItemGroup>
    <ClInclude Include="inc\Game.h">
      <Filter>Fichiers d%27en-tête</Filter>
    </ClInclude>
    <ClInclude Include="inc\Display.h">
      <Filter>Fichiers d%27en-tête</Filter>
    </ClInclude>
    <ClInclude Include="inc\shaders\AShader.h">
      <Filter>Fichiers d%27en-tête\shaders</Filter>
    </ClInclude>
    <ClInclude Include="inc\shaders\staticShader.h">
      <Filter>Fichiers d%27en-tête\shaders</Filter>
    </ClInclude>
    <ClInclude Include="inc\models\rawModel.h">
      <Filter>Fichiers d%27en-tête\models</Filter>
    </ClInclude>
    <ClInclude Include="inc\models\texturedModel.h">
      <Filter>Fichiers d%27en-tête\models</Filter>
    </ClInclude>
    <ClInclude Include="inc\models\Entity.h">
      <Filter>Fichiers d%27en-tête\models</Filter>
    </ClInclude>
    <ClInclude Include="inc\models\Texture.h">
      <Filter>Fichiers d%27en-tête\models</Filter>
    </ClInclude>
    <ClInclude Include="inc\engine\renderEngine.h">
      <Filter>Fichiers d%27en-tête\engine</Filter>
    </ClInclude>
    <ClInclude Include="inc\engine\VAOLoader.h">
      <Filter>Fichiers d%27en-tête\engine</Filter>
    </ClInclude>
    <ClInclude Include="inc\Camera.h">
      <Filter>Fichiers d%27en-tête</Filter>
    </ClInclude>
    <ClInclude Include="inc\models\cubeFactory.h">
      <Filter>Fichiers d%27en-tête\models</Filter>
    </ClInclude>
    <ClInclude Include="src\InputManager.h">
      <Filter>Fichiers d%27en-tête</Filter>
    </ClInclude>
    <ClInclude Include="inc\engine\Timer.h">
      <Filter>Fichiers d%27en-tête\engine</Filter>
    </ClInclude>
  </ItemGroup>
</Project>